// !$*UTF8*$!
{
	archiveVersion = 1;
	classes = {
	};
	objectVersion = 55;
	objects = {

/* Begin PBXBuildFile section */
		F30734DF2792A5C800C51BBF /* TinderCloneApp.swift in Sources */ = {isa = PBXBuildFile; fileRef = F30734DE2792A5C800C51BBF /* TinderCloneApp.swift */; };
		F30734E12792A5C800C51BBF /* ContentView.swift in Sources */ = {isa = PBXBuildFile; fileRef = F30734E02792A5C800C51BBF /* ContentView.swift */; };
		F30734E32792A5CB00C51BBF /* Assets.xcassets in Resources */ = {isa = PBXBuildFile; fileRef = F30734E22792A5CB00C51BBF /* Assets.xcassets */; };
		F30734E62792A5CB00C51BBF /* Preview Assets.xcassets in Resources */ = {isa = PBXBuildFile; fileRef = F30734E52792A5CB00C51BBF /* Preview Assets.xcassets */; };
		F30734ED2792A78400C51BBF /* MainView.swift in Sources */ = {isa = PBXBuildFile; fileRef = F30734EC2792A78400C51BBF /* MainView.swift */; };
		F30734EF2792A8E200C51BBF /* TabBarButtonView.swift in Sources */ = {isa = PBXBuildFile; fileRef = F30734EE2792A8E200C51BBF /* TabBarButtonView.swift */; };
		F30734F12792AECB00C51BBF /* AppStateManager.swift in Sources */ = {isa = PBXBuildFile; fileRef = F30734F02792AECA00C51BBF /* AppStateManager.swift */; };
		F37005192793067200A8FCA4 /* ProfileView.swift in Sources */ = {isa = PBXBuildFile; fileRef = F37005182793067200A8FCA4 /* ProfileView.swift */; };
		F370051C2793086000A8FCA4 /* RoundedImage.swift in Sources */ = {isa = PBXBuildFile; fileRef = F370051B2793086000A8FCA4 /* RoundedImage.swift */; };
		F370051F27930A2800A8FCA4 /* Kingfisher in Frameworks */ = {isa = PBXBuildFile; productRef = F370051E27930A2800A8FCA4 /* Kingfisher */; };
		F37005222793161E00A8FCA4 /* ProfileSwipePromo.swift in Sources */ = {isa = PBXBuildFile; fileRef = F37005212793161E00A8FCA4 /* ProfileSwipePromo.swift */; };
		F389FBEA27953E0A005D4C90 /* Message.swift in Sources */ = {isa = PBXBuildFile; fileRef = F389FBE927953E0A005D4C90 /* Message.swift */; };
		F389FBEC27953EB3005D4C90 /* Person.swift in Sources */ = {isa = PBXBuildFile; fileRef = F389FBEB27953EB3005D4C90 /* Person.swift */; };
		F389FBEE27954006005D4C90 /* MessageThread.swift in Sources */ = {isa = PBXBuildFile; fileRef = F389FBED27954006005D4C90 /* MessageThread.swift */; };
		F389FBF0279540BA005D4C90 /* MessageView.swift in Sources */ = {isa = PBXBuildFile; fileRef = F389FBEF279540BA005D4C90 /* MessageView.swift */; };
		F389FBF32795437F005D4C90 /* ChatView.swift in Sources */ = {isa = PBXBuildFile; fileRef = F389FBF22795437F005D4C90 /* ChatView.swift */; };
		F389FBF5279543C5005D4C90 /* ChatManager.swift in Sources */ = {isa = PBXBuildFile; fileRef = F389FBF4279543C5005D4C90 /* ChatManager.swift */; };
		F389FBF7279549D0005D4C90 /* ChatViewHeader.swift in Sources */ = {isa = PBXBuildFile; fileRef = F389FBF6279549D0005D4C90 /* ChatViewHeader.swift */; };
		F389FBF92795D1F2005D4C90 /* MessageListView.swift in Sources */ = {isa = PBXBuildFile; fileRef = F389FBF82795D1F2005D4C90 /* MessageListView.swift */; };
		F389FBFB2795D246005D4C90 /* MessageListViewModel.swift in Sources */ = {isa = PBXBuildFile; fileRef = F389FBFA2795D246005D4C90 /* MessageListViewModel.swift */; };
		F39AB5DA27991A24003A32F5 /* TopPicksView.swift in Sources */ = {isa = PBXBuildFile; fileRef = F39AB5D927991A24003A32F5 /* TopPicksView.swift */; };
		F39AB5DC27991B68003A32F5 /* MatchesView.swift in Sources */ = {isa = PBXBuildFile; fileRef = F39AB5DB27991B68003A32F5 /* MatchesView.swift */; };
		F39AB5DE27994A6C003A32F5 /* PurchasePopup.swift in Sources */ = {isa = PBXBuildFile; fileRef = F39AB5DD27994A6C003A32F5 /* PurchasePopup.swift */; };
		F3A1EAF22792BCB60040CC32 /* Extension.swift in Sources */ = {isa = PBXBuildFile; fileRef = F3A1EAF12792BCB60040CC32 /* Extension.swift */; };
		F3ACDE272797ED5B005BE913 /* MessageRowView.swift in Sources */ = {isa = PBXBuildFile; fileRef = F3ACDE262797ED5B005BE913 /* MessageRowView.swift */; };
		F3ACDE2D2797FF11005BE913 /* UserManager.swift in Sources */ = {isa = PBXBuildFile; fileRef = F3ACDE2C2797FF11005BE913 /* UserManager.swift */; };
		F3ACDE2F279801A7005BE913 /* User.swift in Sources */ = {isa = PBXBuildFile; fileRef = F3ACDE2E279801A7005BE913 /* User.swift */; };
		F3ACDE3127980450005BE913 /* LikesView.swift in Sources */ = {isa = PBXBuildFile; fileRef = F3ACDE3027980450005BE913 /* LikesView.swift */; };
		F3ACDE3427980936005BE913 /* PersonSquare.swift in Sources */ = {isa = PBXBuildFile; fileRef = F3ACDE3327980936005BE913 /* PersonSquare.swift */; };
		F3E6D2DB279A5A3400004A1A /* PurchaseSwipePromo.swift in Sources */ = {isa = PBXBuildFile; fileRef = F3E6D2DA279A5A3400004A1A /* PurchaseSwipePromo.swift */; };
		F3E6D2DD279A5D5D00004A1A /* PurchaseOptionView.swift in Sources */ = {isa = PBXBuildFile; fileRef = F3E6D2DC279A5D5D00004A1A /* PurchaseOptionView.swift */; };
		F3E6D2DF279A8E2100004A1A /* Subcription.swift in Sources */ = {isa = PBXBuildFile; fileRef = F3E6D2DE279A8E2100004A1A /* Subcription.swift */; };
		F3E6D2E1279A9A9B00004A1A /* RoundedTopCorner.swift in Sources */ = {isa = PBXBuildFile; fileRef = F3E6D2E0279A9A9B00004A1A /* RoundedTopCorner.swift */; };
/* End PBXBuildFile section */

/* Begin PBXFileReference section */
		F30734DB2792A5C800C51BBF /* TinderClone.app */ = {isa = PBXFileReference; explicitFileType = wrapper.application; includeInIndex = 0; path = TinderClone.app; sourceTree = BUILT_PRODUCTS_DIR; };
		F30734DE2792A5C800C51BBF /* TinderCloneApp.swift */ = {isa = PBXFileReference; lastKnownFileType = sourcecode.swift; path = TinderCloneApp.swift; sourceTree = "<group>"; };
		F30734E02792A5C800C51BBF /* ContentView.swift */ = {isa = PBXFileReference; lastKnownFileType = sourcecode.swift; path = ContentView.swift; sourceTree = "<group>"; };
		F30734E22792A5CB00C51BBF /* Assets.xcassets */ = {isa = PBXFileReference; lastKnownFileType = folder.assetcatalog; path = Assets.xcassets; sourceTree = "<group>"; };
		F30734E52792A5CB00C51BBF /* Preview Assets.xcassets */ = {isa = PBXFileReference; lastKnownFileType = folder.assetcatalog; path = "Preview Assets.xcassets"; sourceTree = "<group>"; };
		F30734EC2792A78400C51BBF /* MainView.swift */ = {isa = PBXFileReference; lastKnownFileType = sourcecode.swift; path = MainView.swift; sourceTree = "<group>"; };
		F30734EE2792A8E200C51BBF /* TabBarButtonView.swift */ = {isa = PBXFileReference; lastKnownFileType = sourcecode.swift; path = TabBarButtonView.swift; sourceTree = "<group>"; };
		F30734F02792AECA00C51BBF /* AppStateManager.swift */ = {isa = PBXFileReference; lastKnownFileType = sourcecode.swift; path = AppStateManager.swift; sourceTree = "<group>"; };
		F37005182793067200A8FCA4 /* ProfileView.swift */ = {isa = PBXFileReference; lastKnownFileType = sourcecode.swift; path = ProfileView.swift; sourceTree = "<group>"; };
		F370051B2793086000A8FCA4 /* RoundedImage.swift */ = {isa = PBXFileReference; lastKnownFileType = sourcecode.swift; path = RoundedImage.swift; sourceTree = "<group>"; };
		F37005212793161E00A8FCA4 /* ProfileSwipePromo.swift */ = {isa = PBXFileReference; lastKnownFileType = sourcecode.swift; path = ProfileSwipePromo.swift; sourceTree = "<group>"; };
		F389FBE927953E0A005D4C90 /* Message.swift */ = {isa = PBXFileReference; lastKnownFileType = sourcecode.swift; path = Message.swift; sourceTree = "<group>"; };
		F389FBEB27953EB3005D4C90 /* Person.swift */ = {isa = PBXFileReference; lastKnownFileType = sourcecode.swift; path = Person.swift; sourceTree = "<group>"; };
		F389FBED27954006005D4C90 /* MessageThread.swift */ = {isa = PBXFileReference; lastKnownFileType = sourcecode.swift; path = MessageThread.swift; sourceTree = "<group>"; };
		F389FBEF279540BA005D4C90 /* MessageView.swift */ = {isa = PBXFileReference; lastKnownFileType = sourcecode.swift; path = MessageView.swift; sourceTree = "<group>"; };
		F389FBF22795437F005D4C90 /* ChatView.swift */ = {isa = PBXFileReference; lastKnownFileType = sourcecode.swift; path = ChatView.swift; sourceTree = "<group>"; };
		F389FBF4279543C5005D4C90 /* ChatManager.swift */ = {isa = PBXFileReference; lastKnownFileType = sourcecode.swift; path = ChatManager.swift; sourceTree = "<group>"; };
		F389FBF6279549D0005D4C90 /* ChatViewHeader.swift */ = {isa = PBXFileReference; lastKnownFileType = sourcecode.swift; path = ChatViewHeader.swift; sourceTree = "<group>"; };
		F389FBF82795D1F2005D4C90 /* MessageListView.swift */ = {isa = PBXFileReference; lastKnownFileType = sourcecode.swift; path = MessageListView.swift; sourceTree = "<group>"; };
		F389FBFA2795D246005D4C90 /* MessageListViewModel.swift */ = {isa = PBXFileReference; lastKnownFileType = sourcecode.swift; path = MessageListViewModel.swift; sourceTree = "<group>"; };
		F39AB5D927991A24003A32F5 /* TopPicksView.swift */ = {isa = PBXFileReference; lastKnownFileType = sourcecode.swift; path = TopPicksView.swift; sourceTree = "<group>"; };
		F39AB5DB27991B68003A32F5 /* MatchesView.swift */ = {isa = PBXFileReference; lastKnownFileType = sourcecode.swift; path = MatchesView.swift; sourceTree = "<group>"; };
		F39AB5DD27994A6C003A32F5 /* PurchasePopup.swift */ = {isa = PBXFileReference; lastKnownFileType = sourcecode.swift; path = PurchasePopup.swift; sourceTree = "<group>"; };
		F3A1EAF12792BCB60040CC32 /* Extension.swift */ = {isa = PBXFileReference; lastKnownFileType = sourcecode.swift; path = Extension.swift; sourceTree = "<group>"; };
		F3ACDE262797ED5B005BE913 /* MessageRowView.swift */ = {isa = PBXFileReference; lastKnownFileType = sourcecode.swift; path = MessageRowView.swift; sourceTree = "<group>"; };
		F3ACDE2C2797FF11005BE913 /* UserManager.swift */ = {isa = PBXFileReference; lastKnownFileType = sourcecode.swift; path = UserManager.swift; sourceTree = "<group>"; };
		F3ACDE2E279801A7005BE913 /* User.swift */ = {isa = PBXFileReference; lastKnownFileType = sourcecode.swift; path = User.swift; sourceTree = "<group>"; };
		F3ACDE3027980450005BE913 /* LikesView.swift */ = {isa = PBXFileReference; lastKnownFileType = sourcecode.swift; path = LikesView.swift; sourceTree = "<group>"; };
		F3ACDE3327980936005BE913 /* PersonSquare.swift */ = {isa = PBXFileReference; lastKnownFileType = sourcecode.swift; path = PersonSquare.swift; sourceTree = "<group>"; };
		F3E6D2DA279A5A3400004A1A /* PurchaseSwipePromo.swift */ = {isa = PBXFileReference; lastKnownFileType = sourcecode.swift; path = PurchaseSwipePromo.swift; sourceTree = "<group>"; };
		F3E6D2DC279A5D5D00004A1A /* PurchaseOptionView.swift */ = {isa = PBXFileReference; lastKnownFileType = sourcecode.swift; path = PurchaseOptionView.swift; sourceTree = "<group>"; };
		F3E6D2DE279A8E2100004A1A /* Subcription.swift */ = {isa = PBXFileReference; lastKnownFileType = sourcecode.swift; path = Subcription.swift; sourceTree = "<group>"; };
		F3E6D2E0279A9A9B00004A1A /* RoundedTopCorner.swift */ = {isa = PBXFileReference; lastKnownFileType = sourcecode.swift; path = RoundedTopCorner.swift; sourceTree = "<group>"; };
/* End PBXFileReference section */

/* Begin PBXFrameworksBuildPhase section */
		F30734D82792A5C800C51BBF /* Frameworks */ = {
			isa = PBXFrameworksBuildPhase;
			buildActionMask = 2147483647;
			files = (
				F370051F27930A2800A8FCA4 /* Kingfisher in Frameworks */,
			);
			runOnlyForDeploymentPostprocessing = 0;
		};
/* End PBXFrameworksBuildPhase section */

/* Begin PBXGroup section */
		F30734D22792A5C800C51BBF = {
			isa = PBXGroup;
			children = (
				F30734DD2792A5C800C51BBF /* TinderClone */,
				F30734DC2792A5C800C51BBF /* Products */,
			);
			sourceTree = "<group>";
		};
		F30734DC2792A5C800C51BBF /* Products */ = {
			isa = PBXGroup;
			children = (
				F30734DB2792A5C800C51BBF /* TinderClone.app */,
			);
			name = Products;
			sourceTree = "<group>";
		};
		F30734DD2792A5C800C51BBF /* TinderClone */ = {
			isa = PBXGroup;
			children = (
				F30734DE2792A5C800C51BBF /* TinderCloneApp.swift */,
				F30734E02792A5C800C51BBF /* ContentView.swift */,
				F30734F02792AECA00C51BBF /* AppStateManager.swift */,
				F3ACDE2C2797FF11005BE913 /* UserManager.swift */,
				F389FBE827953DFB005D4C90 /* Model */,
				F3A1EAF32792C5020040CC32 /* MainTabBar */,
				F370051A2793068900A8FCA4 /* Profile */,
				F389FBF1279540BF005D4C90 /* Message */,
				F3ACDE3227980456005BE913 /* MatchesView */,
				F39AB5DF27994A71003A32F5 /* Popups */,
				F370052027930BD100A8FCA4 /* HelperView */,
				F39AB5E027994A8B003A32F5 /* Utility */,
				F30734E22792A5CB00C51BBF /* Assets.xcassets */,
				F30734E42792A5CB00C51BBF /* Preview Content */,
			);
			path = TinderClone;
			sourceTree = "<group>";
		};
		F30734E42792A5CB00C51BBF /* Preview Content */ = {
			isa = PBXGroup;
			children = (
				F30734E52792A5CB00C51BBF /* Preview Assets.xcassets */,
			);
			path = "Preview Content";
			sourceTree = "<group>";
		};
		F370051A2793068900A8FCA4 /* Profile */ = {
			isa = PBXGroup;
			children = (
				F37005182793067200A8FCA4 /* ProfileView.swift */,
				F37005212793161E00A8FCA4 /* ProfileSwipePromo.swift */,
			);
			path = Profile;
			sourceTree = "<group>";
		};
		F370052027930BD100A8FCA4 /* HelperView */ = {
			isa = PBXGroup;
			children = (
				F370051B2793086000A8FCA4 /* RoundedImage.swift */,
			);
			path = HelperView;
			sourceTree = "<group>";
		};
		F389FBE827953DFB005D4C90 /* Model */ = {
			isa = PBXGroup;
			children = (
				F389FBE927953E0A005D4C90 /* Message.swift */,
				F389FBEB27953EB3005D4C90 /* Person.swift */,
				F389FBED27954006005D4C90 /* MessageThread.swift */,
				F3ACDE2E279801A7005BE913 /* User.swift */,
				F3E6D2DE279A8E2100004A1A /* Subcription.swift */,
			);
			path = Model;
			sourceTree = "<group>";
		};
		F389FBF1279540BF005D4C90 /* Message */ = {
			isa = PBXGroup;
			children = (
				F389FBEF279540BA005D4C90 /* MessageView.swift */,
				F389FBF22795437F005D4C90 /* ChatView.swift */,
				F389FBF4279543C5005D4C90 /* ChatManager.swift */,
				F389FBF6279549D0005D4C90 /* ChatViewHeader.swift */,
				F389FBF82795D1F2005D4C90 /* MessageListView.swift */,
				F389FBFA2795D246005D4C90 /* MessageListViewModel.swift */,
				F3ACDE262797ED5B005BE913 /* MessageRowView.swift */,
			);
			path = Message;
			sourceTree = "<group>";
		};
		F39AB5DF27994A71003A32F5 /* Popups */ = {
			isa = PBXGroup;
			children = (
				F39AB5DD27994A6C003A32F5 /* PurchasePopup.swift */,
				F3E6D2DA279A5A3400004A1A /* PurchaseSwipePromo.swift */,
				F3E6D2DC279A5D5D00004A1A /* PurchaseOptionView.swift */,
			);
			path = Popups;
			sourceTree = "<group>";
		};
		F39AB5E027994A8B003A32F5 /* Utility */ = {
			isa = PBXGroup;
			children = (
				F3A1EAF12792BCB60040CC32 /* Extension.swift */,
				F3E6D2E0279A9A9B00004A1A /* RoundedTopCorner.swift */,
			);
			path = Utility;
			sourceTree = "<group>";
		};
		F3A1EAF32792C5020040CC32 /* MainTabBar */ = {
			isa = PBXGroup;
			children = (
				F30734EC2792A78400C51BBF /* MainView.swift */,
				F30734EE2792A8E200C51BBF /* TabBarButtonView.swift */,
			);
			path = MainTabBar;
			sourceTree = "<group>";
		};
		F3ACDE3227980456005BE913 /* MatchesView */ = {
			isa = PBXGroup;
			children = (
				F3ACDE3327980936005BE913 /* PersonSquare.swift */,
				F3ACDE3027980450005BE913 /* LikesView.swift */,
				F39AB5D927991A24003A32F5 /* TopPicksView.swift */,
				F39AB5DB27991B68003A32F5 /* MatchesView.swift */,
			);
			path = MatchesView;
			sourceTree = "<group>";
		};
/* End PBXGroup section */

/* Begin PBXNativeTarget section */
		F30734DA2792A5C800C51BBF /* TinderClone */ = {
			isa = PBXNativeTarget;
			buildConfigurationList = F30734E92792A5CB00C51BBF /* Build configuration list for PBXNativeTarget "TinderClone" */;
			buildPhases = (
				F30734D72792A5C800C51BBF /* Sources */,
				F30734D82792A5C800C51BBF /* Frameworks */,
				F30734D92792A5C800C51BBF /* Resources */,
			);
			buildRules = (
			);
			dependencies = (
			);
			name = TinderClone;
			packageProductDependencies = (
				F370051E27930A2800A8FCA4 /* Kingfisher */,
			);
			productName = TinderClone;
			productReference = F30734DB2792A5C800C51BBF /* TinderClone.app */;
			productType = "com.apple.product-type.application";
		};
/* End PBXNativeTarget section */

/* Begin PBXProject section */
		F30734D32792A5C800C51BBF /* Project object */ = {
			isa = PBXProject;
			attributes = {
				BuildIndependentTargetsInParallel = 1;
				LastSwiftUpdateCheck = 1310;
				LastUpgradeCheck = 1310;
				TargetAttributes = {
					F30734DA2792A5C800C51BBF = {
						CreatedOnToolsVersion = 13.1;
					};
				};
			};
			buildConfigurationList = F30734D62792A5C800C51BBF /* Build configuration list for PBXProject "TinderClone" */;
			compatibilityVersion = "Xcode 13.0";
			developmentRegion = en;
			hasScannedForEncodings = 0;
			knownRegions = (
				en,
				Base,
			);
			mainGroup = F30734D22792A5C800C51BBF;
			packageReferences = (
				F370051D27930A2800A8FCA4 /* XCRemoteSwiftPackageReference "Kingfisher" */,
			);
			productRefGroup = F30734DC2792A5C800C51BBF /* Products */;
			projectDirPath = "";
			projectRoot = "";
			targets = (
				F30734DA2792A5C800C51BBF /* TinderClone */,
			);
		};
/* End PBXProject section */

/* Begin PBXResourcesBuildPhase section */
		F30734D92792A5C800C51BBF /* Resources */ = {
			isa = PBXResourcesBuildPhase;
			buildActionMask = 2147483647;
			files = (
				F30734E62792A5CB00C51BBF /* Preview Assets.xcassets in Resources */,
				F30734E32792A5CB00C51BBF /* Assets.xcassets in Resources */,
			);
			runOnlyForDeploymentPostprocessing = 0;
		};
/* End PBXResourcesBuildPhase section */

/* Begin PBXSourcesBuildPhase section */
		F30734D72792A5C800C51BBF /* Sources */ = {
			isa = PBXSourcesBuildPhase;
			buildActionMask = 2147483647;
			files = (
				F3E6D2E1279A9A9B00004A1A /* RoundedTopCorner.swift in Sources */,
				F389FBF5279543C5005D4C90 /* ChatManager.swift in Sources */,
				F389FBF92795D1F2005D4C90 /* MessageListView.swift in Sources */,
				F39AB5DA27991A24003A32F5 /* TopPicksView.swift in Sources */,
				F3E6D2DF279A8E2100004A1A /* Subcription.swift in Sources */,
				F30734EF2792A8E200C51BBF /* TabBarButtonView.swift in Sources */,
				F3ACDE3427980936005BE913 /* PersonSquare.swift in Sources */,
				F39AB5DE27994A6C003A32F5 /* PurchasePopup.swift in Sources */,
				F370051C2793086000A8FCA4 /* RoundedImage.swift in Sources */,
				F39AB5DC27991B68003A32F5 /* MatchesView.swift in Sources */,
				F389FBF7279549D0005D4C90 /* ChatViewHeader.swift in Sources */,
				F3ACDE272797ED5B005BE913 /* MessageRowView.swift in Sources */,
				F30734E12792A5C800C51BBF /* ContentView.swift in Sources */,
				F30734ED2792A78400C51BBF /* MainView.swift in Sources */,
				F3ACDE2D2797FF11005BE913 /* UserManager.swift in Sources */,
				F389FBF32795437F005D4C90 /* ChatView.swift in Sources */,
				F389FBEC27953EB3005D4C90 /* Person.swift in Sources */,
				F389FBF0279540BA005D4C90 /* MessageView.swift in Sources */,
				F37005222793161E00A8FCA4 /* ProfileSwipePromo.swift in Sources */,
				F3A1EAF22792BCB60040CC32 /* Extension.swift in Sources */,
				F3E6D2DD279A5D5D00004A1A /* PurchaseOptionView.swift in Sources */,
				F30734DF2792A5C800C51BBF /* TinderCloneApp.swift in Sources */,
				F3E6D2DB279A5A3400004A1A /* PurchaseSwipePromo.swift in Sources */,
				F389FBEA27953E0A005D4C90 /* Message.swift in Sources */,
				F389FBFB2795D246005D4C90 /* MessageListViewModel.swift in Sources */,
				F3ACDE3127980450005BE913 /* LikesView.swift in Sources */,
				F37005192793067200A8FCA4 /* ProfileView.swift in Sources */,
				F30734F12792AECB00C51BBF /* AppStateManager.swift in Sources */,
				F389FBEE27954006005D4C90 /* MessageThread.swift in Sources */,
				F3ACDE2F279801A7005BE913 /* User.swift in Sources */,
			);
			runOnlyForDeploymentPostprocessing = 0;
		};
/* End PBXSourcesBuildPhase section */

/* Begin XCBuildConfiguration section */
		F30734E72792A5CB00C51BBF /* Debug */ = {
			isa = XCBuildConfiguration;
			buildSettings = {
				ALWAYS_SEARCH_USER_PATHS = NO;
				CLANG_ANALYZER_NONNULL = YES;
				CLANG_ANALYZER_NUMBER_OBJECT_CONVERSION = YES_AGGRESSIVE;
				CLANG_CXX_LANGUAGE_STANDARD = "gnu++17";
				CLANG_CXX_LIBRARY = "libc++";
				CLANG_ENABLE_MODULES = YES;
				CLANG_ENABLE_OBJC_ARC = YES;
				CLANG_ENABLE_OBJC_WEAK = YES;
				CLANG_WARN_BLOCK_CAPTURE_AUTORELEASING = YES;
				CLANG_WARN_BOOL_CONVERSION = YES;
				CLANG_WARN_COMMA = YES;
				CLANG_WARN_CONSTANT_CONVERSION = YES;
				CLANG_WARN_DEPRECATED_OBJC_IMPLEMENTATIONS = YES;
				CLANG_WARN_DIRECT_OBJC_ISA_USAGE = YES_ERROR;
				CLANG_WARN_DOCUMENTATION_COMMENTS = YES;
				CLANG_WARN_EMPTY_BODY = YES;
				CLANG_WARN_ENUM_CONVERSION = YES;
				CLANG_WARN_INFINITE_RECURSION = YES;
				CLANG_WARN_INT_CONVERSION = YES;
				CLANG_WARN_NON_LITERAL_NULL_CONVERSION = YES;
				CLANG_WARN_OBJC_IMPLICIT_RETAIN_SELF = YES;
				CLANG_WARN_OBJC_LITERAL_CONVERSION = YES;
				CLANG_WARN_OBJC_ROOT_CLASS = YES_ERROR;
				CLANG_WARN_QUOTED_INCLUDE_IN_FRAMEWORK_HEADER = YES;
				CLANG_WARN_RANGE_LOOP_ANALYSIS = YES;
				CLANG_WARN_STRICT_PROTOTYPES = YES;
				CLANG_WARN_SUSPICIOUS_MOVE = YES;
				CLANG_WARN_UNGUARDED_AVAILABILITY = YES_AGGRESSIVE;
				CLANG_WARN_UNREACHABLE_CODE = YES;
				CLANG_WARN__DUPLICATE_METHOD_MATCH = YES;
				COPY_PHASE_STRIP = NO;
				DEBUG_INFORMATION_FORMAT = dwarf;
				ENABLE_STRICT_OBJC_MSGSEND = YES;
				ENABLE_TESTABILITY = YES;
				GCC_C_LANGUAGE_STANDARD = gnu11;
				GCC_DYNAMIC_NO_PIC = NO;
				GCC_NO_COMMON_BLOCKS = YES;
				GCC_OPTIMIZATION_LEVEL = 0;
				GCC_PREPROCESSOR_DEFINITIONS = (
					"DEBUG=1",
					"$(inherited)",
				);
				GCC_WARN_64_TO_32_BIT_CONVERSION = YES;
				GCC_WARN_ABOUT_RETURN_TYPE = YES_ERROR;
				GCC_WARN_UNDECLARED_SELECTOR = YES;
				GCC_WARN_UNINITIALIZED_AUTOS = YES_AGGRESSIVE;
				GCC_WARN_UNUSED_FUNCTION = YES;
				GCC_WARN_UNUSED_VARIABLE = YES;
				IPHONEOS_DEPLOYMENT_TARGET = 15.0;
				MTL_ENABLE_DEBUG_INFO = INCLUDE_SOURCE;
				MTL_FAST_MATH = YES;
				ONLY_ACTIVE_ARCH = YES;
				SDKROOT = iphoneos;
				SWIFT_ACTIVE_COMPILATION_CONDITIONS = DEBUG;
				SWIFT_OPTIMIZATION_LEVEL = "-Onone";
			};
			name = Debug;
		};
		F30734E82792A5CB00C51BBF /* Release */ = {
			isa = XCBuildConfiguration;
			buildSettings = {
				ALWAYS_SEARCH_USER_PATHS = NO;
				CLANG_ANALYZER_NONNULL = YES;
				CLANG_ANALYZER_NUMBER_OBJECT_CONVERSION = YES_AGGRESSIVE;
				CLANG_CXX_LANGUAGE_STANDARD = "gnu++17";
				CLANG_CXX_LIBRARY = "libc++";
				CLANG_ENABLE_MODULES = YES;
				CLANG_ENABLE_OBJC_ARC = YES;
				CLANG_ENABLE_OBJC_WEAK = YES;
				CLANG_WARN_BLOCK_CAPTURE_AUTORELEASING = YES;
				CLANG_WARN_BOOL_CONVERSION = YES;
				CLANG_WARN_COMMA = YES;
				CLANG_WARN_CONSTANT_CONVERSION = YES;
				CLANG_WARN_DEPRECATED_OBJC_IMPLEMENTATIONS = YES;
				CLANG_WARN_DIRECT_OBJC_ISA_USAGE = YES_ERROR;
				CLANG_WARN_DOCUMENTATION_COMMENTS = YES;
				CLANG_WARN_EMPTY_BODY = YES;
				CLANG_WARN_ENUM_CONVERSION = YES;
				CLANG_WARN_INFINITE_RECURSION = YES;
				CLANG_WARN_INT_CONVERSION = YES;
				CLANG_WARN_NON_LITERAL_NULL_CONVERSION = YES;
				CLANG_WARN_OBJC_IMPLICIT_RETAIN_SELF = YES;
				CLANG_WARN_OBJC_LITERAL_CONVERSION = YES;
				CLANG_WARN_OBJC_ROOT_CLASS = YES_ERROR;
				CLANG_WARN_QUOTED_INCLUDE_IN_FRAMEWORK_HEADER = YES;
				CLANG_WARN_RANGE_LOOP_ANALYSIS = YES;
				CLANG_WARN_STRICT_PROTOTYPES = YES;
				CLANG_WARN_SUSPICIOUS_MOVE = YES;
				CLANG_WARN_UNGUARDED_AVAILABILITY = YES_AGGRESSIVE;
				CLANG_WARN_UNREACHABLE_CODE = YES;
				CLANG_WARN__DUPLICATE_METHOD_MATCH = YES;
				COPY_PHASE_STRIP = NO;
				DEBUG_INFORMATION_FORMAT = "dwarf-with-dsym";
				ENABLE_NS_ASSERTIONS = NO;
				ENABLE_STRICT_OBJC_MSGSEND = YES;
				GCC_C_LANGUAGE_STANDARD = gnu11;
				GCC_NO_COMMON_BLOCKS = YES;
				GCC_WARN_64_TO_32_BIT_CONVERSION = YES;
				GCC_WARN_ABOUT_RETURN_TYPE = YES_ERROR;
				GCC_WARN_UNDECLARED_SELECTOR = YES;
				GCC_WARN_UNINITIALIZED_AUTOS = YES_AGGRESSIVE;
				GCC_WARN_UNUSED_FUNCTION = YES;
				GCC_WARN_UNUSED_VARIABLE = YES;
				IPHONEOS_DEPLOYMENT_TARGET = 15.0;
				MTL_ENABLE_DEBUG_INFO = NO;
				MTL_FAST_MATH = YES;
				SDKROOT = iphoneos;
				SWIFT_COMPILATION_MODE = wholemodule;
				SWIFT_OPTIMIZATION_LEVEL = "-O";
				VALIDATE_PRODUCT = YES;
			};
			name = Release;
		};
		F30734EA2792A5CB00C51BBF /* Debug */ = {
			isa = XCBuildConfiguration;
			buildSettings = {
				ASSETCATALOG_COMPILER_APPICON_NAME = AppIcon;
				ASSETCATALOG_COMPILER_GLOBAL_ACCENT_COLOR_NAME = AccentColor;
				CODE_SIGN_STYLE = Automatic;
				CURRENT_PROJECT_VERSION = 1;
				DEVELOPMENT_ASSET_PATHS = "\"TinderClone/Preview Content\"";
				DEVELOPMENT_TEAM = 2J63PFPHXC;
				ENABLE_PREVIEWS = YES;
				GENERATE_INFOPLIST_FILE = YES;
				INFOPLIST_KEY_UIApplicationSceneManifest_Generation = YES;
				INFOPLIST_KEY_UIApplicationSupportsIndirectInputEvents = YES;
				INFOPLIST_KEY_UILaunchScreen_Generation = YES;
				INFOPLIST_KEY_UISupportedInterfaceOrientations_iPad = "UIInterfaceOrientationPortrait UIInterfaceOrientationPortraitUpsideDown UIInterfaceOrientationLandscapeLeft UIInterfaceOrientationLandscapeRight";
				INFOPLIST_KEY_UISupportedInterfaceOrientations_iPhone = "UIInterfaceOrientationPortrait UIInterfaceOrientationLandscapeLeft UIInterfaceOrientationLandscapeRight";
				LD_RUNPATH_SEARCH_PATHS = (
					"$(inherited)",
					"@executable_path/Frameworks",
				);
				MARKETING_VERSION = 1.0;
				PRODUCT_BUNDLE_IDENTIFIER = com.learningiOS.TinderClone;
				PRODUCT_NAME = "$(TARGET_NAME)";
				SWIFT_EMIT_LOC_STRINGS = YES;
				SWIFT_VERSION = 5.0;
				TARGETED_DEVICE_FAMILY = "1,2";
			};
			name = Debug;
		};
		F30734EB2792A5CB00C51BBF /* Release */ = {
			isa = XCBuildConfiguration;
			buildSettings = {
				ASSETCATALOG_COMPILER_APPICON_NAME = AppIcon;
				ASSETCATALOG_COMPILER_GLOBAL_ACCENT_COLOR_NAME = AccentColor;
				CODE_SIGN_STYLE = Automatic;
				CURRENT_PROJECT_VERSION = 1;
				DEVELOPMENT_ASSET_PATHS = "\"TinderClone/Preview Content\"";
				DEVELOPMENT_TEAM = 2J63PFPHXC;
				ENABLE_PREVIEWS = YES;
				GENERATE_INFOPLIST_FILE = YES;
				INFOPLIST_KEY_UIApplicationSceneManifest_Generation = YES;
				INFOPLIST_KEY_UIApplicationSupportsIndirectInputEvents = YES;
				INFOPLIST_KEY_UILaunchScreen_Generation = YES;
				INFOPLIST_KEY_UISupportedInterfaceOrientations_iPad = "UIInterfaceOrientationPortrait UIInterfaceOrientationPortraitUpsideDown UIInterfaceOrientationLandscapeLeft UIInterfaceOrientationLandscapeRight";
				INFOPLIST_KEY_UISupportedInterfaceOrientations_iPhone = "UIInterfaceOrientationPortrait UIInterfaceOrientationLandscapeLeft UIInterfaceOrientationLandscapeRight";
				LD_RUNPATH_SEARCH_PATHS = (
					"$(inherited)",
					"@executable_path/Frameworks",
				);
				MARKETING_VERSION = 1.0;
				PRODUCT_BUNDLE_IDENTIFIER = com.learningiOS.TinderClone;
				PRODUCT_NAME = "$(TARGET_NAME)";
				SWIFT_EMIT_LOC_STRINGS = YES;
				SWIFT_VERSION = 5.0;
				TARGETED_DEVICE_FAMILY = "1,2";
			};
			name = Release;
		};
/* End XCBuildConfiguration section */

/* Begin XCConfigurationList section */
		F30734D62792A5C800C51BBF /* Build configuration list for PBXProject "TinderClone" */ = {
			isa = XCConfigurationList;
			buildConfigurations = (
				F30734E72792A5CB00C51BBF /* Debug */,
				F30734E82792A5CB00C51BBF /* Release */,
			);
			defaultConfigurationIsVisible = 0;
			defaultConfigurationName = Release;
		};
		F30734E92792A5CB00C51BBF /* Build configuration list for PBXNativeTarget "TinderClone" */ = {
			isa = XCConfigurationList;
			buildConfigurations = (
				F30734EA2792A5CB00C51BBF /* Debug */,
				F30734EB2792A5CB00C51BBF /* Release */,
			);
			defaultConfigurationIsVisible = 0;
			defaultConfigurationName = Release;
		};
/* End XCConfigurationList section */

/* Begin XCRemoteSwiftPackageReference section */
		F370051D27930A2800A8FCA4 /* XCRemoteSwiftPackageReference "Kingfisher" */ = {
			isa = XCRemoteSwiftPackageReference;
			repositoryURL = "https://github.com/onevcat/Kingfisher.git";
			requirement = {
				kind = exactVersion;
				version = 7.1.2;
			};
		};
/* End XCRemoteSwiftPackageReference section */

/* Begin XCSwiftPackageProductDependency section */
		F370051E27930A2800A8FCA4 /* Kingfisher */ = {
			isa = XCSwiftPackageProductDependency;
			package = F370051D27930A2800A8FCA4 /* XCRemoteSwiftPackageReference "Kingfisher" */;
			productName = Kingfisher;
		};
/* End XCSwiftPackageProductDependency section */
	};
	rootObject = F30734D32792A5C800C51BBF /* Project object */;
}
